// !$*UTF8*$!
{
	archiveVersion = 1;
	classes = {
	};
	objectVersion = 77;
	objects = {

/* Begin PBXBuildRule section */
		B5D7443F2D8E56810063685A /* PBXBuildRule */ = {
			isa = PBXBuildRule;
			compilerSpec = com.apple.compilers.proxy.script;
			fileType = text.plist.xcappextensionpoints;
			inputFiles = (
			);
			isEditable = 1;
			outputFiles = (
			);
			script = "# builtin-copyPlist\n";
		};
/* End PBXBuildRule section */

/* Begin PBXContainerItemProxy section */
		B5DB240B2D8DC73300162C45 /* PBXContainerItemProxy */ = {
			isa = PBXContainerItemProxy;
			containerPortal = B5DB23F22D8DC73100162C45 /* Project object */;
			proxyType = 1;
			remoteGlobalIDString = B5DB23F92D8DC73100162C45;
			remoteInfo = neuroNest;
		};
		B5DB24152D8DC73300162C45 /* PBXContainerItemProxy */ = {
			isa = PBXContainerItemProxy;
			containerPortal = B5DB23F22D8DC73100162C45 /* Project object */;
			proxyType = 1;
			remoteGlobalIDString = B5DB23F92D8DC73100162C45;
			remoteInfo = neuroNest;
		};
/* End PBXContainerItemProxy section */

/* Begin PBXFileReference section */
		B5308A8C2D96F773001D0451 /* neuroNest.xcodeproj */ = {isa = PBXFileReference; lastKnownFileType = "wrapper.pb-project"; path = neuroNest.xcodeproj; sourceTree = "<group>"; };
		B5691B112D95922E004DDD4B /* neuroNest.xcodeproj */ = {isa = PBXFileReference; lastKnownFileType = "wrapper.pb-project"; path = neuroNest.xcodeproj; sourceTree = "<group>"; };
		B5DB23FA2D8DC73100162C45 /* neuroNest.app */ = {isa = PBXFileReference; explicitFileType = wrapper.application; includeInIndex = 0; path = neuroNest.app; sourceTree = BUILT_PRODUCTS_DIR; };
		B5DB240A2D8DC73300162C45 /* neuroNestTests.xctest */ = {isa = PBXFileReference; explicitFileType = wrapper.cfbundle; includeInIndex = 0; path = neuroNestTests.xctest; sourceTree = BUILT_PRODUCTS_DIR; };
		B5DB24142D8DC73300162C45 /* neuroNestUITests.xctest */ = {isa = PBXFileReference; explicitFileType = wrapper.cfbundle; includeInIndex = 0; path = neuroNestUITests.xctest; sourceTree = BUILT_PRODUCTS_DIR; };
		B5DB24272D8E4F7C00162C45 /* neuroNest.entitlements */ = {isa = PBXFileReference; lastKnownFileType = text.plist.entitlements; path = neuroNest.entitlements; sourceTree = "<group>"; };
		B5DB24282D8E4F9100162C45 /* neuroNest/Info.plist */ = {isa = PBXFileReference; lastKnownFileType = text.plist.xml; path = neuroNest/Info.plist; sourceTree = "<group>"; };
		B5DB24292D8E4FA300162C45 /* neuroNestTests/Info.plist */ = {isa = PBXFileReference; lastKnownFileType = text.plist.xml; path = neuroNestTests/Info.plist; sourceTree = "<group>"; };
		B5DB242A2D8E4FB500162C45 /* neuroNestUITests/Info.plist */ = {isa = PBXFileReference; lastKnownFileType = text.plist.xml; path = neuroNestUITests/Info.plist; sourceTree = "<group>"; };
/* End PBXFileReference section */

/* Begin PBXFileSystemSynchronizedBuildFileExceptionSet section */
		B5D744402D8E56F60063685A /* Exceptions for "neuroNest" folder in "neuroNest" target */ = {
			isa = PBXFileSystemSynchronizedBuildFileExceptionSet;
			membershipExceptions = (
				Info.plist,
			);
			target = B5DB23F92D8DC73100162C45 /* neuroNest */;
		};
		B5F094202D91AB850049C199 /* Exceptions for "neuroNestTests" folder in "neuroNestTests" target */ = {
			isa = PBXFileSystemSynchronizedBuildFileExceptionSet;
			membershipExceptions = (
				Info.plist,
			);
			target = B5DB24092D8DC73300162C45 /* neuroNestTests */;
		};
		B5F094212D91AB850049C199 /* Exceptions for "neuroNestUITests" folder in "neuroNestUITests" target */ = {
			isa = PBXFileSystemSynchronizedBuildFileExceptionSet;
			membershipExceptions = (
				Info.plist,
			);
			target = B5DB24132D8DC73300162C45 /* neuroNestUITests */;
		};
/* End PBXFileSystemSynchronizedBuildFileExceptionSet section */

/* Begin PBXFileSystemSynchronizedRootGroup section */
		B5DB23FC2D8DC73100162C45 /* neuroNest */ = {
			isa = PBXFileSystemSynchronizedRootGroup;
			exceptions = (
				B5D744402D8E56F60063685A /* Exceptions for "neuroNest" folder in "neuroNest" target */,
			);
			path = neuroNest;
			sourceTree = "<group>";
		};
		B5DB240D2D8DC73300162C45 /* neuroNestTests */ = {
			isa = PBXFileSystemSynchronizedRootGroup;
			exceptions = (
				B5F094202D91AB850049C199 /* Exceptions for "neuroNestTests" folder in "neuroNestTests" target */,
			);
			path = neuroNestTests;
			sourceTree = "<group>";
		};
		B5DB24172D8DC73300162C45 /* neuroNestUITests */ = {
			isa = PBXFileSystemSynchronizedRootGroup;
			exceptions = (
				B5F094212D91AB850049C199 /* Exceptions for "neuroNestUITests" folder in "neuroNestUITests" target */,
			);
			path = neuroNestUITests;
			sourceTree = "<group>";
		};
/* End PBXFileSystemSynchronizedRootGroup section */

/* Begin PBXFrameworksBuildPhase section */
		B5DB23F72D8DC73100162C45 /* Frameworks */ = {
			isa = PBXFrameworksBuildPhase;
			buildActionMask = 2147483647;
			files = (
			);
			runOnlyForDeploymentPostprocessing = 0;
		};
		B5DB24072D8DC73300162C45 /* Frameworks */ = {
			isa = PBXFrameworksBuildPhase;
			buildActionMask = 2147483647;
			files = (
			);
			runOnlyForDeploymentPostprocessing = 0;
		};
		B5DB24112D8DC73300162C45 /* Frameworks */ = {
			isa = PBXFrameworksBuildPhase;
			buildActionMask = 2147483647;
			files = (
			);
			runOnlyForDeploymentPostprocessing = 0;
		};
/* End PBXFrameworksBuildPhase section */

/* Begin PBXGroup section */
		B5308A8E2D96F773001D0451 /* Products */ = {
			isa = PBXGroup;
			children = (
			);
			name = Products;
			sourceTree = "<group>";
		};
		B5691B132D95922E004DDD4B /* Products */ = {
			isa = PBXGroup;
			children = (
			);
			name = Products;
			sourceTree = "<group>";
		};
		B5DB23F12D8DC73100162C45 = {
			isa = PBXGroup;
			children = (
				B5DB24272D8E4F7C00162C45 /* neuroNest.entitlements */,
				B5DB24282D8E4F9100162C45 /* neuroNest/Info.plist */,
				B5DB24292D8E4FA300162C45 /* neuroNestTests/Info.plist */,
				B5DB242A2D8E4FB500162C45 /* neuroNestUITests/Info.plist */,
				B5DB23FC2D8DC73100162C45 /* neuroNest */,
				B5DB240D2D8DC73300162C45 /* neuroNestTests */,
				B5DB24172D8DC73300162C45 /* neuroNestUITests */,
				B5DB23FB2D8DC73100162C45 /* Products */,
			);
			sourceTree = "<group>";
		};
		B5DB23FB2D8DC73100162C45 /* Products */ = {
			isa = PBXGroup;
			children = (
				B5DB23FA2D8DC73100162C45 /* neuroNest.app */,
				B5DB240A2D8DC73300162C45 /* neuroNestTests.xctest */,
				B5DB24142D8DC73300162C45 /* neuroNestUITests.xctest */,
			);
			name = Products;
			sourceTree = "<group>";
		};
/* End PBXGroup section */

/* Begin PBXNativeTarget section */
		B5DB23F92D8DC73100162C45 /* neuroNest */ = {
			isa = PBXNativeTarget;
			buildConfigurationList = B5DB241E2D8DC73300162C45 /* Build configuration list for PBXNativeTarget "neuroNest" */;
			buildPhases = (
				B5DB23F62D8DC73100162C45 /* Sources */,
				B5DB23F72D8DC73100162C45 /* Frameworks */,
				B5DB23F82D8DC73100162C45 /* Resources */,
			);
			buildRules = (
				B5D7443F2D8E56810063685A /* PBXBuildRule */,
			);
			dependencies = (
			);
			fileSystemSynchronizedGroups = (
				B5DB23FC2D8DC73100162C45 /* neuroNest */,
			);
			name = neuroNest;
			packageProductDependencies = (
			);
			productName = neuroNest;
			productReference = B5DB23FA2D8DC73100162C45 /* neuroNest.app */;
			productType = "com.apple.product-type.application";
		};
		B5DB24092D8DC73300162C45 /* neuroNestTests */ = {
			isa = PBXNativeTarget;
			buildConfigurationList = B5DB24212D8DC73300162C45 /* Build configuration list for PBXNativeTarget "neuroNestTests" */;
			buildPhases = (
				B5DB24062D8DC73300162C45 /* Sources */,
				B5DB24072D8DC73300162C45 /* Frameworks */,
				B5DB24082D8DC73300162C45 /* Resources */,
			);
			buildRules = (
			);
			dependencies = (
				B5DB240C2D8DC73300162C45 /* PBXTargetDependency */,
			);
			fileSystemSynchronizedGroups = (
				B5DB240D2D8DC73300162C45 /* neuroNestTests */,
			);
			name = neuroNestTests;
			packageProductDependencies = (
			);
			productName = neuroNestTests;
			productReference = B5DB240A2D8DC73300162C45 /* neuroNestTests.xctest */;
			productType = "com.apple.product-type.bundle.unit-test";
		};
		B5DB24132D8DC73300162C45 /* neuroNestUITests */ = {
			isa = PBXNativeTarget;
			buildConfigurationList = B5DB24242D8DC73300162C45 /* Build configuration list for PBXNativeTarget "neuroNestUITests" */;
			buildPhases = (
				B5DB24102D8DC73300162C45 /* Sources */,
				B5DB24112D8DC73300162C45 /* Frameworks */,
				B5DB24122D8DC73300162C45 /* Resources */,
			);
			buildRules = (
			);
			dependencies = (
				B5DB24162D8DC73300162C45 /* PBXTargetDependency */,
			);
			fileSystemSynchronizedGroups = (
				B5DB24172D8DC73300162C45 /* neuroNestUITests */,
			);
			name = neuroNestUITests;
			packageProductDependencies = (
			);
			productName = neuroNestUITests;
			productReference = B5DB24142D8DC73300162C45 /* neuroNestUITests.xctest */;
			productType = "com.apple.product-type.bundle.ui-testing";
		};
/* End PBXNativeTarget section */

/* Begin PBXProject section */
		B5DB23F22D8DC73100162C45 /* Project object */ = {
			isa = PBXProject;
			attributes = {
				BuildIndependentTargetsInParallel = 1;
				LastSwiftUpdateCheck = 1620;
				LastUpgradeCheck = 1620;
				TargetAttributes = {
					B5DB23F92D8DC73100162C45 = {
						CreatedOnToolsVersion = 16.2;
					};
					B5DB24092D8DC73300162C45 = {
						CreatedOnToolsVersion = 16.2;
						TestTargetID = B5DB23F92D8DC73100162C45;
					};
					B5DB24132D8DC73300162C45 = {
						CreatedOnToolsVersion = 16.2;
						TestTargetID = B5DB23F92D8DC73100162C45;
					};
				};
			};
			buildConfigurationList = B5DB23F52D8DC73100162C45 /* Build configuration list for PBXProject "neuroNest" */;
			developmentRegion = en;
			hasScannedForEncodings = 0;
			knownRegions = (
				en,
				Base,
			);
			mainGroup = B5DB23F12D8DC73100162C45;
			minimizedProjectReferenceProxies = 1;
			preferredProjectObjectVersion = 77;
			productRefGroup = B5DB23FB2D8DC73100162C45 /* Products */;
			projectDirPath = "";
			projectReferences = (
				{
					ProductGroup = B5691B132D95922E004DDD4B /* Products */;
					ProjectRef = B5691B112D95922E004DDD4B /* neuroNest.xcodeproj */;
				},
				{
					ProductGroup = B5308A8E2D96F773001D0451 /* Products */;
					ProjectRef = B5308A8C2D96F773001D0451 /* neuroNest.xcodeproj */;
				},
			);
			projectRoot = "";
			targets = (
				B5DB23F92D8DC73100162C45 /* neuroNest */,
				B5DB24092D8DC73300162C45 /* neuroNestTests */,
				B5DB24132D8DC73300162C45 /* neuroNestUITests */,
			);
		};
/* End PBXProject section */

/* Begin PBXResourcesBuildPhase section */
		B5DB23F82D8DC73100162C45 /* Resources */ = {
			isa = PBXResourcesBuildPhase;
			buildActionMask = 2147483647;
			files = (
			);
			runOnlyForDeploymentPostprocessing = 0;
		};
		B5DB24082D8DC73300162C45 /* Resources */ = {
			isa = PBXResourcesBuildPhase;
			buildActionMask = 2147483647;
			files = (
			);
			runOnlyForDeploymentPostprocessing = 0;
		};
		B5DB24122D8DC73300162C45 /* Resources */ = {
			isa = PBXResourcesBuildPhase;
			buildActionMask = 2147483647;
			files = (
			);
			runOnlyForDeploymentPostprocessing = 0;
		};
/* End PBXResourcesBuildPhase section */

/* Begin PBXSourcesBuildPhase section */
		B5DB23F62D8DC73100162C45 /* Sources */ = {
			isa = PBXSourcesBuildPhase;
			buildActionMask = 2147483647;
			files = (
			);
			runOnlyForDeploymentPostprocessing = 0;
		};
		B5DB24062D8DC73300162C45 /* Sources */ = {
			isa = PBXSourcesBuildPhase;
			buildActionMask = 2147483647;
			files = (
			);
			runOnlyForDeploymentPostprocessing = 0;
		};
		B5DB24102D8DC73300162C45 /* Sources */ = {
			isa = PBXSourcesBuildPhase;
			buildActionMask = 2147483647;
			files = (
			);
			runOnlyForDeploymentPostprocessing = 0;
		};
/* End PBXSourcesBuildPhase section */

/* Begin PBXTargetDependency section */
		B5DB240C2D8DC73300162C45 /* PBXTargetDependency */ = {
			isa = PBXTargetDependency;
			target = B5DB23F92D8DC73100162C45 /* neuroNest */;
			targetProxy = B5DB240B2D8DC73300162C45 /* PBXContainerItemProxy */;
		};
		B5DB24162D8DC73300162C45 /* PBXTargetDependency */ = {
			isa = PBXTargetDependency;
			target = B5DB23F92D8DC73100162C45 /* neuroNest */;
			targetProxy = B5DB24152D8DC73300162C45 /* PBXContainerItemProxy */;
		};
/* End PBXTargetDependency section */

/* Begin XCBuildConfiguration section */
		B5DB241C2D8DC73300162C45 /* Debug */ = {
			isa = XCBuildConfiguration;
			buildSettings = {
				ALWAYS_SEARCH_USER_PATHS = NO;
				ASSETCATALOG_COMPILER_GENERATE_SWIFT_ASSET_SYMBOL_EXTENSIONS = YES;
				CLANG_ANALYZER_NONNULL = YES;
				CLANG_ANALYZER_NUMBER_OBJECT_CONVERSION = YES_AGGRESSIVE;
				CLANG_CXX_LANGUAGE_STANDARD = "gnu++20";
				CLANG_ENABLE_MODULES = YES;
				CLANG_ENABLE_OBJC_ARC = YES;
				CLANG_ENABLE_OBJC_WEAK = YES;
				CLANG_WARN_BLOCK_CAPTURE_AUTORELEASING = YES;
				CLANG_WARN_BOOL_CONVERSION = YES;
				CLANG_WARN_COMMA = YES;
				CLANG_WARN_CONSTANT_CONVERSION = YES;
				CLANG_WARN_DEPRECATED_OBJC_IMPLEMENTATIONS = YES;
				CLANG_WARN_DIRECT_OBJC_ISA_USAGE = YES_ERROR;
				CLANG_WARN_DOCUMENTATION_COMMENTS = YES;
				CLANG_WARN_EMPTY_BODY = YES;
				CLANG_WARN_ENUM_CONVERSION = YES;
				CLANG_WARN_INFINITE_RECURSION = YES;
				CLANG_WARN_INT_CONVERSION = YES;
				CLANG_WARN_NON_LITERAL_NULL_CONVERSION = YES;
				CLANG_WARN_OBJC_IMPLICIT_RETAIN_SELF = YES;
				CLANG_WARN_OBJC_LITERAL_CONVERSION = YES;
				CLANG_WARN_OBJC_ROOT_CLASS = YES_ERROR;
				CLANG_WARN_QUOTED_INCLUDE_IN_FRAMEWORK_HEADER = YES;
				CLANG_WARN_RANGE_LOOP_ANALYSIS = YES;
				CLANG_WARN_STRICT_PROTOTYPES = YES;
				CLANG_WARN_SUSPICIOUS_MOVE = YES;
				CLANG_WARN_UNGUARDED_AVAILABILITY = YES_AGGRESSIVE;
				CLANG_WARN_UNREACHABLE_CODE = YES;
				CLANG_WARN__DUPLICATE_METHOD_MATCH = YES;
				COPY_PHASE_STRIP = NO;
				DEBUG_INFORMATION_FORMAT = dwarf;
				ENABLE_STRICT_OBJC_MSGSEND = YES;
				ENABLE_TESTABILITY = YES;
				ENABLE_USER_SCRIPT_SANDBOXING = YES;
				GCC_C_LANGUAGE_STANDARD = gnu17;
				GCC_DYNAMIC_NO_PIC = NO;
				GCC_NO_COMMON_BLOCKS = YES;
				GCC_OPTIMIZATION_LEVEL = 0;
				GCC_PREPROCESSOR_DEFINITIONS = (
					"DEBUG=1",
					"$(inherited)",
				);
				GCC_WARN_64_TO_32_BIT_CONVERSION = YES;
				GCC_WARN_ABOUT_RETURN_TYPE = YES_ERROR;
				GCC_WARN_UNDECLARED_SELECTOR = YES;
				GCC_WARN_UNINITIALIZED_AUTOS = YES_AGGRESSIVE;
				GCC_WARN_UNUSED_FUNCTION = YES;
				GCC_WARN_UNUSED_VARIABLE = YES;
				IPHONEOS_DEPLOYMENT_TARGET = 18.2;
				LOCALIZATION_PREFERS_STRING_CATALOGS = YES;
				MTL_ENABLE_DEBUG_INFO = INCLUDE_SOURCE;
				MTL_FAST_MATH = YES;
				ONLY_ACTIVE_ARCH = YES;
				SDKROOT = iphoneos;
				SWIFT_ACTIVE_COMPILATION_CONDITIONS = "DEBUG $(inherited)";
				SWIFT_OPTIMIZATION_LEVEL = "-Onone";
			};
			name = Debug;
		};
		B5DB241D2D8DC73300162C45 /* Release */ = {
			isa = XCBuildConfiguration;
			buildSettings = {
				ALWAYS_SEARCH_USER_PATHS = NO;
				ASSETCATALOG_COMPILER_GENERATE_SWIFT_ASSET_SYMBOL_EXTENSIONS = YES;
				CLANG_ANALYZER_NONNULL = YES;
				CLANG_ANALYZER_NUMBER_OBJECT_CONVERSION = YES_AGGRESSIVE;
				CLANG_CXX_LANGUAGE_STANDARD = "gnu++20";
				CLANG_ENABLE_MODULES = YES;
				CLANG_ENABLE_OBJC_ARC = YES;
				CLANG_ENABLE_OBJC_WEAK = YES;
				CLANG_WARN_BLOCK_CAPTURE_AUTORELEASING = YES;
				CLANG_WARN_BOOL_CONVERSION = YES;
				CLANG_WARN_COMMA = YES;
				CLANG_WARN_CONSTANT_CONVERSION = YES;
				CLANG_WARN_DEPRECATED_OBJC_IMPLEMENTATIONS = YES;
				CLANG_WARN_DIRECT_OBJC_ISA_USAGE = YES_ERROR;
				CLANG_WARN_DOCUMENTATION_COMMENTS = YES;
				CLANG_WARN_EMPTY_BODY = YES;
				CLANG_WARN_ENUM_CONVERSION = YES;
				CLANG_WARN_INFINITE_RECURSION = YES;
				CLANG_WARN_INT_CONVERSION = YES;
				CLANG_WARN_NON_LITERAL_NULL_CONVERSION = YES;
				CLANG_WARN_OBJC_IMPLICIT_RETAIN_SELF = YES;
				CLANG_WARN_OBJC_LITERAL_CONVERSION = YES;
				CLANG_WARN_OBJC_ROOT_CLASS = YES_ERROR;
				CLANG_WARN_QUOTED_INCLUDE_IN_FRAMEWORK_HEADER = YES;
				CLANG_WARN_RANGE_LOOP_ANALYSIS = YES;
				CLANG_WARN_STRICT_PROTOTYPES = YES;
				CLANG_WARN_SUSPICIOUS_MOVE = YES;
				CLANG_WARN_UNGUARDED_AVAILABILITY = YES_AGGRESSIVE;
				CLANG_WARN_UNREACHABLE_CODE = YES;
				CLANG_WARN__DUPLICATE_METHOD_MATCH = YES;
				COPY_PHASE_STRIP = NO;
				DEBUG_INFORMATION_FORMAT = "dwarf-with-dsym";
				ENABLE_NS_ASSERTIONS = NO;
				ENABLE_STRICT_OBJC_MSGSEND = YES;
				ENABLE_USER_SCRIPT_SANDBOXING = YES;
				GCC_C_LANGUAGE_STANDARD = gnu17;
				GCC_NO_COMMON_BLOCKS = YES;
				GCC_WARN_64_TO_32_BIT_CONVERSION = YES;
				GCC_WARN_ABOUT_RETURN_TYPE = YES_ERROR;
				GCC_WARN_UNDECLARED_SELECTOR = YES;
				GCC_WARN_UNINITIALIZED_AUTOS = YES_AGGRESSIVE;
				GCC_WARN_UNUSED_FUNCTION = YES;
				GCC_WARN_UNUSED_VARIABLE = YES;
				IPHONEOS_DEPLOYMENT_TARGET = 18.2;
				LOCALIZATION_PREFERS_STRING_CATALOGS = YES;
				MTL_ENABLE_DEBUG_INFO = NO;
				MTL_FAST_MATH = YES;
				SDKROOT = iphoneos;
				SWIFT_COMPILATION_MODE = wholemodule;
				VALIDATE_PRODUCT = YES;
			};
			name = Release;
		};
		B5DB241F2D8DC73300162C45 /* Debug */ = {
			isa = XCBuildConfiguration;
			buildSettings = {
				ASSETCATALOG_COMPILER_APPICON_NAME = "";
				ASSETCATALOG_COMPILER_GLOBAL_ACCENT_COLOR_NAME = AccentColor;
				ASSETCATALOG_COMPILER_INCLUDE_ALL_APPICON_ASSETS = NO;
				CODE_SIGN_ENTITLEMENTS = neuroNest.entitlements;
				CODE_SIGN_STYLE = Automatic;
				CURRENT_PROJECT_VERSION = 1;
				DEVELOPMENT_ASSET_PATHS = "\"neuroNest/Preview Content\"";
				DEVELOPMENT_TEAM = 3PLYT282PF;
				ENABLE_PREVIEWS = YES;
				GENERATE_INFOPLIST_FILE = NO;
				INFOPLIST_FILE = neuroNest/Info.plist;
				INFOPLIST_KEY_CFBundleDisplayName = neuroNest;
				INFOPLIST_KEY_UIApplicationSceneManifest_Generation = YES;
				INFOPLIST_KEY_UIApplicationSupportsIndirectInputEvents = YES;
				INFOPLIST_KEY_UILaunchScreen_Generation = YES;
				INFOPLIST_KEY_UISupportedInterfaceOrientations_iPad = "UIInterfaceOrientationPortrait UIInterfaceOrientationPortraitUpsideDown UIInterfaceOrientationLandscapeLeft UIInterfaceOrientationLandscapeRight";
				INFOPLIST_KEY_UISupportedInterfaceOrientations_iPhone = "UIInterfaceOrientationPortrait UIInterfaceOrientationLandscapeLeft UIInterfaceOrientationLandscapeRight";
				LD_RUNPATH_SEARCH_PATHS = (
					"$(inherited)",
					"@executable_path/Frameworks",
				);
				MARKETING_VERSION = 1.0;
				PRODUCT_BUNDLE_IDENTIFIER = com.sxyseo.neuroNest;
				PRODUCT_NAME = "$(TARGET_NAME)";
				SWIFT_EMIT_LOC_STRINGS = YES;
				SWIFT_VERSION = 5.0;
				TARGETED_DEVICE_FAMILY = "1,2";
			};
			name = Debug;
		};
		B5DB24202D8DC73300162C45 /* Release */ = {
			isa = XCBuildConfiguration;
			buildSettings = {
				ASSETCATALOG_COMPILER_APPICON_NAME = "";
				ASSETCATALOG_COMPILER_GLOBAL_ACCENT_COLOR_NAME = AccentColor;
				ASSETCATALOG_COMPILER_INCLUDE_ALL_APPICON_ASSETS = NO;
				CODE_SIGN_ENTITLEMENTS = neuroNest.entitlements;
				CODE_SIGN_STYLE = Automatic;
				CURRENT_PROJECT_VERSION = 1;
				DEVELOPMENT_ASSET_PATHS = "\"neuroNest/Preview Content\"";
				DEVELOPMENT_TEAM = 3PLYT282PF;
				ENABLE_PREVIEWS = YES;
				GENERATE_INFOPLIST_FILE = NO;
				INFOPLIST_FILE = neuroNest/Info.plist;
				INFOPLIST_KEY_CFBundleDisplayName = neuroNest;
				INFOPLIST_KEY_UIApplicationSceneManifest_Generation = YES;
				INFOPLIST_KEY_UIApplicationSupportsIndirectInputEvents = YES;
				INFOPLIST_KEY_UILaunchScreen_Generation = YES;
				INFOPLIST_KEY_UISupportedInterfaceOrientations_iPad = "UIInterfaceOrientationPortrait UIInterfaceOrientationPortraitUpsideDown UIInterfaceOrientationLandscapeLeft UIInterfaceOrientationLandscapeRight";
				INFOPLIST_KEY_UISupportedInterfaceOrientations_iPhone = "UIInterfaceOrientationPortrait UIInterfaceOrientationLandscapeLeft UIInterfaceOrientationLandscapeRight";
				LD_RUNPATH_SEARCH_PATHS = (
					"$(inherited)",
					"@executable_path/Frameworks",
				);
				MARKETING_VERSION = 1.0;
				PRODUCT_BUNDLE_IDENTIFIER = com.sxyseo.neuroNest;
				PRODUCT_NAME = "$(TARGET_NAME)";
				SWIFT_EMIT_LOC_STRINGS = YES;
				SWIFT_VERSION = 5.0;
				TARGETED_DEVICE_FAMILY = "1,2";
			};
			name = Release;
		};
		B5DB24222D8DC73300162C45 /* Debug */ = {
			isa = XCBuildConfiguration;
			buildSettings = {
				BUNDLE_LOADER = "$(TEST_HOST)";
				CODE_SIGN_STYLE = Automatic;
				CURRENT_PROJECT_VERSION = 1;
				DEVELOPMENT_TEAM = 3PLYT282PF;
				GENERATE_INFOPLIST_FILE = NO;
				INFOPLIST_FILE = neuroNestTests/Info.plist;
				IPHONEOS_DEPLOYMENT_TARGET = 18.2;
				MARKETING_VERSION = 1.0;
				PRODUCT_BUNDLE_IDENTIFIER = com.sxyseo.neuroNestTests;
				PRODUCT_NAME = "$(TARGET_NAME)";
				SWIFT_EMIT_LOC_STRINGS = NO;
				SWIFT_VERSION = 5.0;
				TARGETED_DEVICE_FAMILY = "1,2";
				TEST_HOST = "$(BUILT_PRODUCTS_DIR)/neuroNest.app/$(BUNDLE_EXECUTABLE_FOLDER_PATH)/neuroNest";
			};
			name = Debug;
		};
		B5DB24232D8DC73300162C45 /* Release */ = {
			isa = XCBuildConfiguration;
			buildSettings = {
				BUNDLE_LOADER = "$(TEST_HOST)";
				CODE_SIGN_STYLE = Automatic;
				CURRENT_PROJECT_VERSION = 1;
				DEVELOPMENT_TEAM = 3PLYT282PF;
				GENERATE_INFOPLIST_FILE = NO;
				INFOPLIST_FILE = neuroNestTests/Info.plist;
				IPHONEOS_DEPLOYMENT_TARGET = 18.2;
				MARKETING_VERSION = 1.0;
				PRODUCT_BUNDLE_IDENTIFIER = com.sxyseo.neuroNestTests;
				PRODUCT_NAME = "$(TARGET_NAME)";
				SWIFT_EMIT_LOC_STRINGS = NO;
				SWIFT_VERSION = 5.0;
				TARGETED_DEVICE_FAMILY = "1,2";
				TEST_HOST = "$(BUILT_PRODUCTS_DIR)/neuroNest.app/$(BUNDLE_EXECUTABLE_FOLDER_PATH)/neuroNest";
			};
			name = Release;
		};
		B5DB24252D8DC73300162C45 /* Debug */ = {
			isa = XCBuildConfiguration;
			buildSettings = {
				CODE_SIGN_STYLE = Automatic;
				CURRENT_PROJECT_VERSION = 1;
				DEVELOPMENT_TEAM = 3PLYT282PF;
				GENERATE_INFOPLIST_FILE = NO;
				INFOPLIST_FILE = neuroNestUITests/Info.plist;
				MARKETING_VERSION = 1.0;
				PRODUCT_BUNDLE_IDENTIFIER = com.sxyseo.neuroNestUITests;
				PRODUCT_NAME = "$(TARGET_NAME)";
				SWIFT_EMIT_LOC_STRINGS = NO;
				SWIFT_VERSION = 5.0;
				TARGETED_DEVICE_FAMILY = "1,2";
				TEST_TARGET_NAME = neuroNest;
			};
			name = Debug;
		};
		B5DB24262D8DC73300162C45 /* Release */ = {
			isa = XCBuildConfiguration;
			buildSettings = {
				CODE_SIGN_STYLE = Automatic;
				CURRENT_PROJECT_VERSION = 1;
				DEVELOPMENT_TEAM = 3PLYT282PF;
				GENERATE_INFOPLIST_FILE = NO;
				INFOPLIST_FILE = neuroNestUITests/Info.plist;
				MARKETING_VERSION = 1.0;
				PRODUCT_BUNDLE_IDENTIFIER = com.sxyseo.neuroNestUITests;
				PRODUCT_NAME = "$(TARGET_NAME)";
				SWIFT_EMIT_LOC_STRINGS = NO;
				SWIFT_VERSION = 5.0;
				TARGETED_DEVICE_FAMILY = "1,2";
				TEST_TARGET_NAME = neuroNest;
			};
			name = Release;
		};
/* End XCBuildConfiguration section */

/* Begin XCConfigurationList section */
		B5DB23F52D8DC73100162C45 /* Build configuration list for PBXProject "neuroNest" */ = {
			isa = XCConfigurationList;
			buildConfigurations = (
				B5DB241C2D8DC73300162C45 /* Debug */,
				B5DB241D2D8DC73300162C45 /* Release */,
			);
			defaultConfigurationIsVisible = 0;
			defaultConfigurationName = Release;
		};
		B5DB241E2D8DC73300162C45 /* Build configuration list for PBXNativeTarget "neuroNest" */ = {
			isa = XCConfigurationList;
			buildConfigurations = (
				B5DB241F2D8DC73300162C45 /* Debug */,
				B5DB24202D8DC73300162C45 /* Release */,
			);
			defaultConfigurationIsVisible = 0;
			defaultConfigurationName = Release;
		};
		B5DB24212D8DC73300162C45 /* Build configuration list for PBXNativeTarget "neuroNestTests" */ = {
			isa = XCConfigurationList;
			buildConfigurations = (
				B5DB24222D8DC73300162C45 /* Debug */,
				B5DB24232D8DC73300162C45 /* Release */,
			);
			defaultConfigurationIsVisible = 0;
			defaultConfigurationName = Release;
		};
		B5DB24242D8DC73300162C45 /* Build configuration list for PBXNativeTarget "neuroNestUITests" */ = {
			isa = XCConfigurationList;
			buildConfigurations = (
				B5DB24252D8DC73300162C45 /* Debug */,
				B5DB24262D8DC73300162C45 /* Release */,
			);
			defaultConfigurationIsVisible = 0;
			defaultConfigurationName = Release;
		};
/* End XCConfigurationList section */
	};
	rootObject = B5DB23F22D8DC73100162C45 /* Project object */;
}
